// !$*UTF8*$!
{
	archiveVersion = 1;
	classes = {
	};
	objectVersion = 56;
	objects = {

/* Begin PBXBuildFile section */
		7106CF0F2A7C5E8900E8CDE7 /* BuddyUPApp.swift in Sources */ = {isa = PBXBuildFile; fileRef = 7106CF0E2A7C5E8900E8CDE7 /* BuddyUPApp.swift */; };
		7106CF112A7C5E8900E8CDE7 /* ContentView.swift in Sources */ = {isa = PBXBuildFile; fileRef = 7106CF102A7C5E8900E8CDE7 /* ContentView.swift */; };
		7106CF132A7C5E8C00E8CDE7 /* Assets.xcassets in Resources */ = {isa = PBXBuildFile; fileRef = 7106CF122A7C5E8C00E8CDE7 /* Assets.xcassets */; };
		7106CF162A7C5E8C00E8CDE7 /* Preview Assets.xcassets in Resources */ = {isa = PBXBuildFile; fileRef = 7106CF152A7C5E8C00E8CDE7 /* Preview Assets.xcassets */; };
		714977622A8529210077781D /* RoundButtonWithIcon.swift in Sources */ = {isa = PBXBuildFile; fileRef = 714977612A8529210077781D /* RoundButtonWithIcon.swift */; };
		7162EACD2A8034460095139A /* Color.swift in Sources */ = {isa = PBXBuildFile; fileRef = 7162EACC2A8034460095139A /* Color.swift */; };
		7162EAD22A814BB80095139A /* RoundBorderedViewModifier.swift in Sources */ = {isa = PBXBuildFile; fileRef = 7162EAD12A814BB80095139A /* RoundBorderedViewModifier.swift */; };
		7162EAD42A814C5A0095139A /* CustomTextField.swift in Sources */ = {isa = PBXBuildFile; fileRef = 7162EAD32A814C5A0095139A /* CustomTextField.swift */; };
		7162EAD62A814E600095139A /* DefaultButtonViewModifier.swift in Sources */ = {isa = PBXBuildFile; fileRef = 7162EAD52A814E600095139A /* DefaultButtonViewModifier.swift */; };
		7162EAE02A8278BB0095139A /* Sliders in Frameworks */ = {isa = PBXBuildFile; productRef = 7162EADF2A8278BB0095139A /* Sliders */; };
		71A6202D2A96A2A60096C7B5 /* BoardingView.swift in Sources */ = {isa = PBXBuildFile; fileRef = 71A620232A96A2A60096C7B5 /* BoardingView.swift */; };
		71A6202E2A96A2A60096C7B5 /* DiscoverView.swift in Sources */ = {isa = PBXBuildFile; fileRef = 71A620242A96A2A60096C7B5 /* DiscoverView.swift */; };
		71A6202F2A96A2A60096C7B5 /* MessageView.swift in Sources */ = {isa = PBXBuildFile; fileRef = 71A620252A96A2A60096C7B5 /* MessageView.swift */; };
		71A620342A96A2A60096C7B5 /* MessagesView.swift in Sources */ = {isa = PBXBuildFile; fileRef = 71A6202A2A96A2A60096C7B5 /* MessagesView.swift */; };
		71A620362A96A2A60096C7B5 /* BuddyDetailView.swift in Sources */ = {isa = PBXBuildFile; fileRef = 71A6202C2A96A2A60096C7B5 /* BuddyDetailView.swift */; };
		71A6203D2A96A2EF0096C7B5 /* UserInformationView.swift in Sources */ = {isa = PBXBuildFile; fileRef = 71A620372A96A2EE0096C7B5 /* UserInformationView.swift */; };
		71A6203E2A96A2EF0096C7B5 /* EditProfileView.swift in Sources */ = {isa = PBXBuildFile; fileRef = 71A620382A96A2EE0096C7B5 /* EditProfileView.swift */; };
		71A6203F2A96A2EF0096C7B5 /* MyInterestsView.swift in Sources */ = {isa = PBXBuildFile; fileRef = 71A620392A96A2EE0096C7B5 /* MyInterestsView.swift */; };
		71A620412A96A2EF0096C7B5 /* ProfilePictureView.swift in Sources */ = {isa = PBXBuildFile; fileRef = 71A6203B2A96A2EF0096C7B5 /* ProfilePictureView.swift */; };
		71A620422A96A2EF0096C7B5 /* SettingsView.swift in Sources */ = {isa = PBXBuildFile; fileRef = 71A6203C2A96A2EF0096C7B5 /* SettingsView.swift */; };
		71A620442A96A3540096C7B5 /* RoundContainerViewModifier.swift in Sources */ = {isa = PBXBuildFile; fileRef = 71A620432A96A3540096C7B5 /* RoundContainerViewModifier.swift */; };
		71D7E9E02AA23EB1000623A8 /* SignupView.swift in Sources */ = {isa = PBXBuildFile; fileRef = 71D7E9DF2AA23EB1000623A8 /* SignupView.swift */; };
		71D7E9E22AA2439E000623A8 /* CustomTabView.swift in Sources */ = {isa = PBXBuildFile; fileRef = 71D7E9E12AA2439E000623A8 /* CustomTabView.swift */; };
		71D7E9E42AA24799000623A8 /* BuddyUPTabView.swift in Sources */ = {isa = PBXBuildFile; fileRef = 71D7E9E32AA24798000623A8 /* BuddyUPTabView.swift */; };
/* End PBXBuildFile section */

/* Begin PBXFileReference section */
		7106CF0B2A7C5E8900E8CDE7 /* BuddyUP.app */ = {isa = PBXFileReference; explicitFileType = wrapper.application; includeInIndex = 0; path = BuddyUP.app; sourceTree = BUILT_PRODUCTS_DIR; };
		7106CF0E2A7C5E8900E8CDE7 /* BuddyUPApp.swift */ = {isa = PBXFileReference; lastKnownFileType = sourcecode.swift; path = BuddyUPApp.swift; sourceTree = "<group>"; };
		7106CF102A7C5E8900E8CDE7 /* ContentView.swift */ = {isa = PBXFileReference; lastKnownFileType = sourcecode.swift; path = ContentView.swift; sourceTree = "<group>"; };
		7106CF122A7C5E8C00E8CDE7 /* Assets.xcassets */ = {isa = PBXFileReference; lastKnownFileType = folder.assetcatalog; path = Assets.xcassets; sourceTree = "<group>"; };
		7106CF152A7C5E8C00E8CDE7 /* Preview Assets.xcassets */ = {isa = PBXFileReference; lastKnownFileType = folder.assetcatalog; path = "Preview Assets.xcassets"; sourceTree = "<group>"; };
		714977612A8529210077781D /* RoundButtonWithIcon.swift */ = {isa = PBXFileReference; lastKnownFileType = sourcecode.swift; path = RoundButtonWithIcon.swift; sourceTree = "<group>"; };
		7162EACC2A8034460095139A /* Color.swift */ = {isa = PBXFileReference; lastKnownFileType = sourcecode.swift; path = Color.swift; sourceTree = "<group>"; };
		7162EAD12A814BB80095139A /* RoundBorderedViewModifier.swift */ = {isa = PBXFileReference; lastKnownFileType = sourcecode.swift; path = RoundBorderedViewModifier.swift; sourceTree = "<group>"; };
		7162EAD32A814C5A0095139A /* CustomTextField.swift */ = {isa = PBXFileReference; lastKnownFileType = sourcecode.swift; path = CustomTextField.swift; sourceTree = "<group>"; };
		7162EAD52A814E600095139A /* DefaultButtonViewModifier.swift */ = {isa = PBXFileReference; lastKnownFileType = sourcecode.swift; path = DefaultButtonViewModifier.swift; sourceTree = "<group>"; };
		71A620232A96A2A60096C7B5 /* BoardingView.swift */ = {isa = PBXFileReference; fileEncoding = 4; lastKnownFileType = sourcecode.swift; path = BoardingView.swift; sourceTree = "<group>"; };
		71A620242A96A2A60096C7B5 /* DiscoverView.swift */ = {isa = PBXFileReference; fileEncoding = 4; lastKnownFileType = sourcecode.swift; path = DiscoverView.swift; sourceTree = "<group>"; };
		71A620252A96A2A60096C7B5 /* MessageView.swift */ = {isa = PBXFileReference; fileEncoding = 4; lastKnownFileType = sourcecode.swift; path = MessageView.swift; sourceTree = "<group>"; };
		71A6202A2A96A2A60096C7B5 /* MessagesView.swift */ = {isa = PBXFileReference; fileEncoding = 4; lastKnownFileType = sourcecode.swift; path = MessagesView.swift; sourceTree = "<group>"; };
		71A6202C2A96A2A60096C7B5 /* BuddyDetailView.swift */ = {isa = PBXFileReference; fileEncoding = 4; lastKnownFileType = sourcecode.swift; path = BuddyDetailView.swift; sourceTree = "<group>"; };
		71A620372A96A2EE0096C7B5 /* UserInformationView.swift */ = {isa = PBXFileReference; fileEncoding = 4; lastKnownFileType = sourcecode.swift; path = UserInformationView.swift; sourceTree = "<group>"; };
		71A620382A96A2EE0096C7B5 /* EditProfileView.swift */ = {isa = PBXFileReference; fileEncoding = 4; lastKnownFileType = sourcecode.swift; path = EditProfileView.swift; sourceTree = "<group>"; };
		71A620392A96A2EE0096C7B5 /* MyInterestsView.swift */ = {isa = PBXFileReference; fileEncoding = 4; lastKnownFileType = sourcecode.swift; path = MyInterestsView.swift; sourceTree = "<group>"; };
		71A6203B2A96A2EF0096C7B5 /* ProfilePictureView.swift */ = {isa = PBXFileReference; fileEncoding = 4; lastKnownFileType = sourcecode.swift; path = ProfilePictureView.swift; sourceTree = "<group>"; };
		71A6203C2A96A2EF0096C7B5 /* SettingsView.swift */ = {isa = PBXFileReference; fileEncoding = 4; lastKnownFileType = sourcecode.swift; path = SettingsView.swift; sourceTree = "<group>"; };
		71A620432A96A3540096C7B5 /* RoundContainerViewModifier.swift */ = {isa = PBXFileReference; fileEncoding = 4; lastKnownFileType = sourcecode.swift; path = RoundContainerViewModifier.swift; sourceTree = "<group>"; };
		71D7E9DF2AA23EB1000623A8 /* SignupView.swift */ = {isa = PBXFileReference; lastKnownFileType = sourcecode.swift; path = SignupView.swift; sourceTree = "<group>"; };
		71D7E9E12AA2439E000623A8 /* CustomTabView.swift */ = {isa = PBXFileReference; lastKnownFileType = sourcecode.swift; path = CustomTabView.swift; sourceTree = "<group>"; };
		71D7E9E32AA24798000623A8 /* BuddyUPTabView.swift */ = {isa = PBXFileReference; lastKnownFileType = sourcecode.swift; path = BuddyUPTabView.swift; sourceTree = "<group>"; };
/* End PBXFileReference section */

/* Begin PBXFrameworksBuildPhase section */
		7106CF082A7C5E8900E8CDE7 /* Frameworks */ = {
			isa = PBXFrameworksBuildPhase;
			buildActionMask = 2147483647;
			files = (
				7162EAE02A8278BB0095139A /* Sliders in Frameworks */,
			);
			runOnlyForDeploymentPostprocessing = 0;
		};
/* End PBXFrameworksBuildPhase section */

/* Begin PBXGroup section */
		7106CF022A7C5E8900E8CDE7 = {
			isa = PBXGroup;
			children = (
				7106CF0D2A7C5E8900E8CDE7 /* BuddyUP */,
				7106CF0C2A7C5E8900E8CDE7 /* Products */,
			);
			sourceTree = "<group>";
		};
		7106CF0C2A7C5E8900E8CDE7 /* Products */ = {
			isa = PBXGroup;
			children = (
				7106CF0B2A7C5E8900E8CDE7 /* BuddyUP.app */,
			);
			name = Products;
			sourceTree = "<group>";
		};
		7106CF0D2A7C5E8900E8CDE7 /* BuddyUP */ = {
			isa = PBXGroup;
			children = (
				7162EAD02A814BA50095139A /* Styles */,
				7162EACB2A80343B0095139A /* Extensions */,
				7106CF1F2A7C5ED500E8CDE7 /* Components */,
				7106CF1C2A7C5EB800E8CDE7 /* Views */,
				7106CF0E2A7C5E8900E8CDE7 /* BuddyUPApp.swift */,
				7106CF102A7C5E8900E8CDE7 /* ContentView.swift */,
				7106CF122A7C5E8C00E8CDE7 /* Assets.xcassets */,
				7106CF142A7C5E8C00E8CDE7 /* Preview Content */,
			);
			path = BuddyUP;
			sourceTree = "<group>";
		};
		7106CF142A7C5E8C00E8CDE7 /* Preview Content */ = {
			isa = PBXGroup;
			children = (
				7106CF152A7C5E8C00E8CDE7 /* Preview Assets.xcassets */,
			);
			path = "Preview Content";
			sourceTree = "<group>";
		};
		7106CF1C2A7C5EB800E8CDE7 /* Views */ = {
			isa = PBXGroup;
			children = (
				71A620232A96A2A60096C7B5 /* BoardingView.swift */,
				71D7E9DF2AA23EB1000623A8 /* SignupView.swift */,
				71A620372A96A2EE0096C7B5 /* UserInformationView.swift */,
				71A620392A96A2EE0096C7B5 /* MyInterestsView.swift */,
				71D7E9E12AA2439E000623A8 /* CustomTabView.swift */,
				71D7E9E32AA24798000623A8 /* BuddyUPTabView.swift */,
				71A620242A96A2A60096C7B5 /* DiscoverView.swift */,
				71A6202A2A96A2A60096C7B5 /* MessagesView.swift */,
				71A620382A96A2EE0096C7B5 /* EditProfileView.swift */,
				71A6202C2A96A2A60096C7B5 /* BuddyDetailView.swift */,
				71A620252A96A2A60096C7B5 /* MessageView.swift */,
				71A6203B2A96A2EF0096C7B5 /* ProfilePictureView.swift */,
				71A6203C2A96A2EF0096C7B5 /* SettingsView.swift */,
			);
			path = Views;
			sourceTree = "<group>";
		};
		7106CF1F2A7C5ED500E8CDE7 /* Components */ = {
			isa = PBXGroup;
			children = (
				7162EAD32A814C5A0095139A /* CustomTextField.swift */,
				714977612A8529210077781D /* RoundButtonWithIcon.swift */,
			);
			path = Components;
			sourceTree = "<group>";
		};
		7162EACB2A80343B0095139A /* Extensions */ = {
			isa = PBXGroup;
			children = (
				7162EACC2A8034460095139A /* Color.swift */,
			);
			path = Extensions;
			sourceTree = "<group>";
		};
		7162EAD02A814BA50095139A /* Styles */ = {
			isa = PBXGroup;
			children = (
				71A620432A96A3540096C7B5 /* RoundContainerViewModifier.swift */,
				7162EAD12A814BB80095139A /* RoundBorderedViewModifier.swift */,
				7162EAD52A814E600095139A /* DefaultButtonViewModifier.swift */,
			);
			path = Styles;
			sourceTree = "<group>";
		};
/* End PBXGroup section */

/* Begin PBXNativeTarget section */
		7106CF0A2A7C5E8900E8CDE7 /* BuddyUP */ = {
			isa = PBXNativeTarget;
			buildConfigurationList = 7106CF192A7C5E8C00E8CDE7 /* Build configuration list for PBXNativeTarget "BuddyUP" */;
			buildPhases = (
				7106CF072A7C5E8900E8CDE7 /* Sources */,
				7106CF082A7C5E8900E8CDE7 /* Frameworks */,
				7106CF092A7C5E8900E8CDE7 /* Resources */,
			);
			buildRules = (
			);
			dependencies = (
			);
			name = BuddyUP;
			packageProductDependencies = (
				7162EADF2A8278BB0095139A /* Sliders */,
			);
			productName = BuddyUP;
			productReference = 7106CF0B2A7C5E8900E8CDE7 /* BuddyUP.app */;
			productType = "com.apple.product-type.application";
		};
/* End PBXNativeTarget section */

/* Begin PBXProject section */
		7106CF032A7C5E8900E8CDE7 /* Project object */ = {
			isa = PBXProject;
			attributes = {
				BuildIndependentTargetsInParallel = 1;
				LastSwiftUpdateCheck = 1430;
				LastUpgradeCheck = 1430;
				TargetAttributes = {
					7106CF0A2A7C5E8900E8CDE7 = {
						CreatedOnToolsVersion = 14.3;
					};
				};
			};
			buildConfigurationList = 7106CF062A7C5E8900E8CDE7 /* Build configuration list for PBXProject "BuddyUP" */;
			compatibilityVersion = "Xcode 14.0";
			developmentRegion = en;
			hasScannedForEncodings = 0;
			knownRegions = (
				en,
				Base,
			);
			mainGroup = 7106CF022A7C5E8900E8CDE7;
			packageReferences = (
				7162EADE2A8278BB0095139A /* XCRemoteSwiftPackageReference "swiftui-sliders" */,
			);
			productRefGroup = 7106CF0C2A7C5E8900E8CDE7 /* Products */;
			projectDirPath = "";
			projectRoot = "";
			targets = (
				7106CF0A2A7C5E8900E8CDE7 /* BuddyUP */,
			);
		};
/* End PBXProject section */

/* Begin PBXResourcesBuildPhase section */
		7106CF092A7C5E8900E8CDE7 /* Resources */ = {
			isa = PBXResourcesBuildPhase;
			buildActionMask = 2147483647;
			files = (
				7106CF162A7C5E8C00E8CDE7 /* Preview Assets.xcassets in Resources */,
				7106CF132A7C5E8C00E8CDE7 /* Assets.xcassets in Resources */,
			);
			runOnlyForDeploymentPostprocessing = 0;
		};
/* End PBXResourcesBuildPhase section */

/* Begin PBXSourcesBuildPhase section */
		7106CF072A7C5E8900E8CDE7 /* Sources */ = {
			isa = PBXSourcesBuildPhase;
			buildActionMask = 2147483647;
			files = (
				71D7E9E02AA23EB1000623A8 /* SignupView.swift in Sources */,
				71A620422A96A2EF0096C7B5 /* SettingsView.swift in Sources */,
				71A6202D2A96A2A60096C7B5 /* BoardingView.swift in Sources */,
				71A6202E2A96A2A60096C7B5 /* DiscoverView.swift in Sources */,
				71A6203D2A96A2EF0096C7B5 /* UserInformationView.swift in Sources */,
				71A620442A96A3540096C7B5 /* RoundContainerViewModifier.swift in Sources */,
				7162EAD42A814C5A0095139A /* CustomTextField.swift in Sources */,
				71D7E9E22AA2439E000623A8 /* CustomTabView.swift in Sources */,
				71A620412A96A2EF0096C7B5 /* ProfilePictureView.swift in Sources */,
				7162EACD2A8034460095139A /* Color.swift in Sources */,
				71A620342A96A2A60096C7B5 /* MessagesView.swift in Sources */,
				71A6203F2A96A2EF0096C7B5 /* MyInterestsView.swift in Sources */,
				71D7E9E42AA24799000623A8 /* BuddyUPTabView.swift in Sources */,
				7162EAD22A814BB80095139A /* RoundBorderedViewModifier.swift in Sources */,
				714977622A8529210077781D /* RoundButtonWithIcon.swift in Sources */,
				71A6203E2A96A2EF0096C7B5 /* EditProfileView.swift in Sources */,
				71A620362A96A2A60096C7B5 /* BuddyDetailView.swift in Sources */,
				7106CF112A7C5E8900E8CDE7 /* ContentView.swift in Sources */,
				71A6202F2A96A2A60096C7B5 /* MessageView.swift in Sources */,
				7162EAD62A814E600095139A /* DefaultButtonViewModifier.swift in Sources */,
				7106CF0F2A7C5E8900E8CDE7 /* BuddyUPApp.swift in Sources */,
			);
			runOnlyForDeploymentPostprocessing = 0;
		};
/* End PBXSourcesBuildPhase section */

/* Begin XCBuildConfiguration section */
		7106CF172A7C5E8C00E8CDE7 /* Debug */ = {
			isa = XCBuildConfiguration;
			buildSettings = {
				ALWAYS_SEARCH_USER_PATHS = NO;
				CLANG_ANALYZER_NONNULL = YES;
				CLANG_ANALYZER_NUMBER_OBJECT_CONVERSION = YES_AGGRESSIVE;
				CLANG_CXX_LANGUAGE_STANDARD = "gnu++20";
				CLANG_ENABLE_MODULES = YES;
				CLANG_ENABLE_OBJC_ARC = YES;
				CLANG_ENABLE_OBJC_WEAK = YES;
				CLANG_WARN_BLOCK_CAPTURE_AUTORELEASING = YES;
				CLANG_WARN_BOOL_CONVERSION = YES;
				CLANG_WARN_COMMA = YES;
				CLANG_WARN_CONSTANT_CONVERSION = YES;
				CLANG_WARN_DEPRECATED_OBJC_IMPLEMENTATIONS = YES;
				CLANG_WARN_DIRECT_OBJC_ISA_USAGE = YES_ERROR;
				CLANG_WARN_DOCUMENTATION_COMMENTS = YES;
				CLANG_WARN_EMPTY_BODY = YES;
				CLANG_WARN_ENUM_CONVERSION = YES;
				CLANG_WARN_INFINITE_RECURSION = YES;
				CLANG_WARN_INT_CONVERSION = YES;
				CLANG_WARN_NON_LITERAL_NULL_CONVERSION = YES;
				CLANG_WARN_OBJC_IMPLICIT_RETAIN_SELF = YES;
				CLANG_WARN_OBJC_LITERAL_CONVERSION = YES;
				CLANG_WARN_OBJC_ROOT_CLASS = YES_ERROR;
				CLANG_WARN_QUOTED_INCLUDE_IN_FRAMEWORK_HEADER = YES;
				CLANG_WARN_RANGE_LOOP_ANALYSIS = YES;
				CLANG_WARN_STRICT_PROTOTYPES = YES;
				CLANG_WARN_SUSPICIOUS_MOVE = YES;
				CLANG_WARN_UNGUARDED_AVAILABILITY = YES_AGGRESSIVE;
				CLANG_WARN_UNREACHABLE_CODE = YES;
				CLANG_WARN__DUPLICATE_METHOD_MATCH = YES;
				COPY_PHASE_STRIP = NO;
				DEBUG_INFORMATION_FORMAT = dwarf;
				ENABLE_STRICT_OBJC_MSGSEND = YES;
				ENABLE_TESTABILITY = YES;
				GCC_C_LANGUAGE_STANDARD = gnu11;
				GCC_DYNAMIC_NO_PIC = NO;
				GCC_NO_COMMON_BLOCKS = YES;
				GCC_OPTIMIZATION_LEVEL = 0;
				GCC_PREPROCESSOR_DEFINITIONS = (
					"DEBUG=1",
					"$(inherited)",
				);
				GCC_WARN_64_TO_32_BIT_CONVERSION = YES;
				GCC_WARN_ABOUT_RETURN_TYPE = YES_ERROR;
				GCC_WARN_UNDECLARED_SELECTOR = YES;
				GCC_WARN_UNINITIALIZED_AUTOS = YES_AGGRESSIVE;
				GCC_WARN_UNUSED_FUNCTION = YES;
				GCC_WARN_UNUSED_VARIABLE = YES;
				IPHONEOS_DEPLOYMENT_TARGET = 16.4;
				MTL_ENABLE_DEBUG_INFO = INCLUDE_SOURCE;
				MTL_FAST_MATH = YES;
				ONLY_ACTIVE_ARCH = YES;
				SDKROOT = iphoneos;
				SWIFT_ACTIVE_COMPILATION_CONDITIONS = DEBUG;
				SWIFT_OPTIMIZATION_LEVEL = "-Onone";
			};
			name = Debug;
		};
		7106CF182A7C5E8C00E8CDE7 /* Release */ = {
			isa = XCBuildConfiguration;
			buildSettings = {
				ALWAYS_SEARCH_USER_PATHS = NO;
				CLANG_ANALYZER_NONNULL = YES;
				CLANG_ANALYZER_NUMBER_OBJECT_CONVERSION = YES_AGGRESSIVE;
				CLANG_CXX_LANGUAGE_STANDARD = "gnu++20";
				CLANG_ENABLE_MODULES = YES;
				CLANG_ENABLE_OBJC_ARC = YES;
				CLANG_ENABLE_OBJC_WEAK = YES;
				CLANG_WARN_BLOCK_CAPTURE_AUTORELEASING = YES;
				CLANG_WARN_BOOL_CONVERSION = YES;
				CLANG_WARN_COMMA = YES;
				CLANG_WARN_CONSTANT_CONVERSION = YES;
				CLANG_WARN_DEPRECATED_OBJC_IMPLEMENTATIONS = YES;
				CLANG_WARN_DIRECT_OBJC_ISA_USAGE = YES_ERROR;
				CLANG_WARN_DOCUMENTATION_COMMENTS = YES;
				CLANG_WARN_EMPTY_BODY = YES;
				CLANG_WARN_ENUM_CONVERSION = YES;
				CLANG_WARN_INFINITE_RECURSION = YES;
				CLANG_WARN_INT_CONVERSION = YES;
				CLANG_WARN_NON_LITERAL_NULL_CONVERSION = YES;
				CLANG_WARN_OBJC_IMPLICIT_RETAIN_SELF = YES;
				CLANG_WARN_OBJC_LITERAL_CONVERSION = YES;
				CLANG_WARN_OBJC_ROOT_CLASS = YES_ERROR;
				CLANG_WARN_QUOTED_INCLUDE_IN_FRAMEWORK_HEADER = YES;
				CLANG_WARN_RANGE_LOOP_ANALYSIS = YES;
				CLANG_WARN_STRICT_PROTOTYPES = YES;
				CLANG_WARN_SUSPICIOUS_MOVE = YES;
				CLANG_WARN_UNGUARDED_AVAILABILITY = YES_AGGRESSIVE;
				CLANG_WARN_UNREACHABLE_CODE = YES;
				CLANG_WARN__DUPLICATE_METHOD_MATCH = YES;
				COPY_PHASE_STRIP = NO;
				DEBUG_INFORMATION_FORMAT = "dwarf-with-dsym";
				ENABLE_NS_ASSERTIONS = NO;
				ENABLE_STRICT_OBJC_MSGSEND = YES;
				GCC_C_LANGUAGE_STANDARD = gnu11;
				GCC_NO_COMMON_BLOCKS = YES;
				GCC_WARN_64_TO_32_BIT_CONVERSION = YES;
				GCC_WARN_ABOUT_RETURN_TYPE = YES_ERROR;
				GCC_WARN_UNDECLARED_SELECTOR = YES;
				GCC_WARN_UNINITIALIZED_AUTOS = YES_AGGRESSIVE;
				GCC_WARN_UNUSED_FUNCTION = YES;
				GCC_WARN_UNUSED_VARIABLE = YES;
				IPHONEOS_DEPLOYMENT_TARGET = 16.4;
				MTL_ENABLE_DEBUG_INFO = NO;
				MTL_FAST_MATH = YES;
				SDKROOT = iphoneos;
				SWIFT_COMPILATION_MODE = wholemodule;
				SWIFT_OPTIMIZATION_LEVEL = "-O";
				VALIDATE_PRODUCT = YES;
			};
			name = Release;
		};
		7106CF1A2A7C5E8C00E8CDE7 /* Debug */ = {
			isa = XCBuildConfiguration;
			buildSettings = {
				ASSETCATALOG_COMPILER_APPICON_NAME = AppIcon;
				ASSETCATALOG_COMPILER_GLOBAL_ACCENT_COLOR_NAME = AccentColor;
				CODE_SIGN_STYLE = Automatic;
				CURRENT_PROJECT_VERSION = 3;
				DEVELOPMENT_ASSET_PATHS = "\"BuddyUP/Preview Content\"";
				DEVELOPMENT_TEAM = 89BV38HZUZ;
				ENABLE_PREVIEWS = YES;
				GENERATE_INFOPLIST_FILE = YES;
				INFOPLIST_KEY_CFBundleDisplayName = BuddyUP;
				INFOPLIST_KEY_LSApplicationCategoryType = "public.app-category.social-networking";
				INFOPLIST_KEY_UIApplicationSceneManifest_Generation = YES;
				INFOPLIST_KEY_UIApplicationSupportsIndirectInputEvents = YES;
				INFOPLIST_KEY_UILaunchScreen_Generation = YES;
				INFOPLIST_KEY_UISupportedInterfaceOrientations = UIInterfaceOrientationPortrait;
				INFOPLIST_KEY_UISupportedInterfaceOrientations_iPad = "UIInterfaceOrientationLandscapeLeft UIInterfaceOrientationLandscapeRight UIInterfaceOrientationPortrait UIInterfaceOrientationPortraitUpsideDown";
				INFOPLIST_KEY_UIUserInterfaceStyle = Light;
				LD_RUNPATH_SEARCH_PATHS = (
					"$(inherited)",
					"@executable_path/Frameworks",
				);
				MARKETING_VERSION = 1.0;
				PRODUCT_BUNDLE_IDENTIFIER = com.kimleng.BuddyUP;
				PRODUCT_NAME = "$(TARGET_NAME)";
				SUPPORTED_PLATFORMS = "iphoneos iphonesimulator";
				SUPPORTS_MACCATALYST = NO;
				SUPPORTS_MAC_DESIGNED_FOR_IPHONE_IPAD = NO;
				SWIFT_EMIT_LOC_STRINGS = YES;
				SWIFT_VERSION = 5.0;
				TARGETED_DEVICE_FAMILY = 1;
			};
			name = Debug;
		};
		7106CF1B2A7C5E8C00E8CDE7 /* Release */ = {
			isa = XCBuildConfiguration;
			buildSettings = {
				ASSETCATALOG_COMPILER_APPICON_NAME = AppIcon;
				ASSETCATALOG_COMPILER_GLOBAL_ACCENT_COLOR_NAME = AccentColor;
				CODE_SIGN_STYLE = Automatic;
				CURRENT_PROJECT_VERSION = 3;
				DEVELOPMENT_ASSET_PATHS = "\"BuddyUP/Preview Content\"";
				DEVELOPMENT_TEAM = 89BV38HZUZ;
				ENABLE_PREVIEWS = YES;
				GENERATE_INFOPLIST_FILE = YES;
				INFOPLIST_KEY_CFBundleDisplayName = BuddyUP;
				INFOPLIST_KEY_LSApplicationCategoryType = "public.app-category.social-networking";
				INFOPLIST_KEY_UIApplicationSceneManifest_Generation = YES;
				INFOPLIST_KEY_UIApplicationSupportsIndirectInputEvents = YES;
				INFOPLIST_KEY_UILaunchScreen_Generation = YES;
				INFOPLIST_KEY_UISupportedInterfaceOrientations = UIInterfaceOrientationPortrait;
				INFOPLIST_KEY_UISupportedInterfaceOrientations_iPad = "UIInterfaceOrientationLandscapeLeft UIInterfaceOrientationLandscapeRight UIInterfaceOrientationPortrait UIInterfaceOrientationPortraitUpsideDown";
				INFOPLIST_KEY_UIUserInterfaceStyle = Light;
				LD_RUNPATH_SEARCH_PATHS = (
					"$(inherited)",
					"@executable_path/Frameworks",
				);
				MARKETING_VERSION = 1.0;
				PRODUCT_BUNDLE_IDENTIFIER = com.kimleng.BuddyUP;
				PRODUCT_NAME = "$(TARGET_NAME)";
				SUPPORTED_PLATFORMS = "iphoneos iphonesimulator";
				SUPPORTS_MACCATALYST = NO;
				SUPPORTS_MAC_DESIGNED_FOR_IPHONE_IPAD = NO;
				SWIFT_EMIT_LOC_STRINGS = YES;
				SWIFT_VERSION = 5.0;
				TARGETED_DEVICE_FAMILY = 1;
			};
			name = Release;
		};
/* End XCBuildConfiguration section */

/* Begin XCConfigurationList section */
		7106CF062A7C5E8900E8CDE7 /* Build configuration list for PBXProject "BuddyUP" */ = {
			isa = XCConfigurationList;
			buildConfigurations = (
				7106CF172A7C5E8C00E8CDE7 /* Debug */,
				7106CF182A7C5E8C00E8CDE7 /* Release */,
			);
			defaultConfigurationIsVisible = 0;
			defaultConfigurationName = Release;
		};
		7106CF192A7C5E8C00E8CDE7 /* Build configuration list for PBXNativeTarget "BuddyUP" */ = {
			isa = XCConfigurationList;
			buildConfigurations = (
				7106CF1A2A7C5E8C00E8CDE7 /* Debug */,
				7106CF1B2A7C5E8C00E8CDE7 /* Release */,
			);
			defaultConfigurationIsVisible = 0;
			defaultConfigurationName = Release;
		};
/* End XCConfigurationList section */

/* Begin XCRemoteSwiftPackageReference section */
		7162EADE2A8278BB0095139A /* XCRemoteSwiftPackageReference "swiftui-sliders" */ = {
			isa = XCRemoteSwiftPackageReference;
			repositoryURL = "https://github.com/spacenation/swiftui-sliders.git";
			requirement = {
				kind = upToNextMajorVersion;
				minimumVersion = 2.0.0;
			};
		};
/* End XCRemoteSwiftPackageReference section */

/* Begin XCSwiftPackageProductDependency section */
		7162EADF2A8278BB0095139A /* Sliders */ = {
			isa = XCSwiftPackageProductDependency;
			package = 7162EADE2A8278BB0095139A /* XCRemoteSwiftPackageReference "swiftui-sliders" */;
			productName = Sliders;
		};
/* End XCSwiftPackageProductDependency section */
	};
	rootObject = 7106CF032A7C5E8900E8CDE7 /* Project object */;
}
